
Microsoft Visual Studio Solution File, Format Version 12.00
# Visual Studio 15
VisualStudioVersion = 15.0.28307.489
MinimumVisualStudioVersion = 10.0.40219.1
Project("{FAE04EC0-301F-11D3-BF4B-00C04F79EFBC}") = "DotNetAngularApp", "DotNetAngularApp\DotNetAngularApp.csproj", "{D460B933-18F9-49CE-A89E-5A0E1EFAEBD3}"
EndProject
Global
	GlobalSection(SolutionConfigurationPlatforms) = preSolution
		Debug|Any CPU = Debug|Any CPU
		Release|Any CPU = Release|Any CPU
	EndGlobalSection
	GlobalSection(ProjectConfigurationPlatforms) = postSolution
		{D460B933-18F9-49CE-A89E-5A0E1EFAEBD3}.Debug|Any CPU.ActiveCfg = Debug|Any CPU
		{D460B933-18F9-49CE-A89E-5A0E1EFAEBD3}.Debug|Any CPU.Build.0 = Debug|Any CPU
		{D460B933-18F9-49CE-A89E-5A0E1EFAEBD3}.Release|Any CPU.ActiveCfg = Release|Any CPU
		{D460B933-18F9-49CE-A89E-5A0E1EFAEBD3}.Release|Any CPU.Build.0 = Release|Any CPU
	EndGlobalSection
	GlobalSection(SolutionProperties) = preSolution
		HideSolutionNode = FALSE
	EndGlobalSection
	GlobalSection(ExtensibilityGlobals) = postSolution
		SolutionGuid = {F961B206-AC48-4540-844B-8FEAF88301FC}
	EndGlobalSection
EndGlobal
